
Microsoft Visual Studio Solution File, Format Version 12.00
# Visual Studio Version 16
VisualStudioVersion = 16.0.30104.148
MinimumVisualStudioVersion = 10.0.40219.1
Project("{FAE04EC0-301F-11D3-BF4B-00C04F79EFBC}") = "ApplesOranges_CSharp", "ApplesOranges_CSharp\ApplesOranges_CSharp.csproj", "{D51D834A-AB7F-4C94-8920-EEE02D9271F8}"
EndProject
Global
	GlobalSection(SolutionConfigurationPlatforms) = preSolution
		Debug|Any CPU = Debug|Any CPU
		Release|Any CPU = Release|Any CPU
	EndGlobalSection
	GlobalSection(ProjectConfigurationPlatforms) = postSolution
		{D51D834A-AB7F-4C94-8920-EEE02D9271F8}.Debug|Any CPU.ActiveCfg = Debug|Any CPU
		{D51D834A-AB7F-4C94-8920-EEE02D9271F8}.Debug|Any CPU.Build.0 = Debug|Any CPU
		{D51D834A-AB7F-4C94-8920-EEE02D9271F8}.Release|Any CPU.ActiveCfg = Release|Any CPU
		{D51D834A-AB7F-4C94-8920-EEE02D9271F8}.Release|Any CPU.Build.0 = Release|Any CPU
	EndGlobalSection
	GlobalSection(SolutionProperties) = preSolution
		HideSolutionNode = FALSE
	EndGlobalSection
	GlobalSection(ExtensibilityGlobals) = postSolution
		SolutionGuid = {41157672-FB16-49C9-B04D-F33B1AB2799E}
	EndGlobalSection
EndGlobal
